Microsoft Visual Studio Solution File, Format Version 12.00
# Visual Studio Version 17
VisualStudioVersion = 17.5.2.0
MinimumVisualStudioVersion = 10.0.40219.1
Project("{FAE04EC0-301F-11D3-BF4B-00C04F79EFBC}") = "AgenticRAG.Api", "AgenticRAG.Api\AgenticRAG.Api.csproj", "{597711C9-91CE-6674-07FF-5B04C3E77249}"
EndProject
Project("{FAE04EC0-301F-11D3-BF4B-00C04F79EFBC}") = "AgenticRAG.Core", "AgenticRAG.Core\AgenticRAG.Core.csproj", "{DE57DA0E-CDF6-6F1D-BD82-3F9BA6C9186E}"
EndProject
Project("{FAE04EC0-301F-11D3-BF4B-00C04F79EFBC}") = "AgenticRAG.Setup", "AgenticRAG.Setup\AgenticRAG.Setup.csproj", "{5FB54E7E-9715-918C-A876-8E1067EBB4A4}"
EndProject

Global
	GlobalSection(SolutionConfigurationPlatforms) = preSolution
		Debug|Any CPU = Debug|Any CPU
		Release|Any CPU = Release|Any CPU
	EndGlobalSection
	GlobalSection(ProjectConfigurationPlatforms) = postSolution
		{597711C9-91CE-6674-07FF-5B04C3E77249}.Debug|Any CPU.ActiveCfg = Debug|Any CPU
		{597711C9-91CE-6674-07FF-5B04C3E77249}.Debug|Any CPU.Build.0 = Debug|Any CPU
		{597711C9-91CE-6674-07FF-5B04C3E77249}.Release|Any CPU.ActiveCfg = Release|Any CPU
		{597711C9-91CE-6674-07FF-5B04C3E77249}.Release|Any CPU.Build.0 = Release|Any CPU
		{DE57DA0E-CDF6-6F1D-BD82-3F9BA6C9186E}.Debug|Any CPU.ActiveCfg = Debug|Any CPU
		{DE57DA0E-CDF6-6F1D-BD82-3F9BA6C9186E}.Debug|Any CPU.Build.0 = Debug|Any CPU
		{DE57DA0E-CDF6-6F1D-BD82-3F9BA6C9186E}.Release|Any CPU.ActiveCfg = Release|Any CPU
		{DE57DA0E-CDF6-6F1D-BD82-3F9BA6C9186E}.Release|Any CPU.Build.0 = Release|Any CPU
		{5FB54E7E-9715-918C-A876-8E1067EBB4A4}.Debug|Any CPU.ActiveCfg = Debug|Any CPU
		{5FB54E7E-9715-918C-A876-8E1067EBB4A4}.Debug|Any CPU.Build.0 = Debug|Any CPU
		{5FB54E7E-9715-918C-A876-8E1067EBB4A4}.Release|Any CPU.ActiveCfg = Release|Any CPU
		{5FB54E7E-9715-918C-A876-8E1067EBB4A4}.Release|Any CPU.Build.0 = Release|Any CPU

	EndGlobalSection
	GlobalSection(SolutionProperties) = preSolution
		HideSolutionNode = FALSE
	EndGlobalSection
	GlobalSection(ExtensibilityGlobals) = postSolution
		SolutionGuid = {5186C1E8-2333-45D6-83E0-A6E1E40516C9}
	EndGlobalSection
EndGlobal
